
Microsoft Visual Studio Solution File, Format Version 12.00
# Visual Studio Version 17
VisualStudioVersion = 17.11.35303.130
MinimumVisualStudioVersion = 10.0.40219.1
Project("{FAE04EC0-301F-11D3-BF4B-00C04F79EFBC}") = "APOccasAuto", "APOccasAuto\APOccasAuto.csproj", "{2735038C-B391-40FE-97FE-C408A332E163}"
EndProject
Project("{FAE04EC0-301F-11D3-BF4B-00C04F79EFBC}") = "BiblioOccas", "BiblioOccas\BiblioOccas.csproj", "{71269CC4-222E-4297-AAFF-37B128041EC5}"
EndProject
Global
	GlobalSection(SolutionConfigurationPlatforms) = preSolution
		Debug|Any CPU = Debug|Any CPU
		Release|Any CPU = Release|Any CPU
	EndGlobalSection
	GlobalSection(ProjectConfigurationPlatforms) = postSolution
		{2735038C-B391-40FE-97FE-C408A332E163}.Debug|Any CPU.ActiveCfg = Debug|Any CPU
		{2735038C-B391-40FE-97FE-C408A332E163}.Debug|Any CPU.Build.0 = Debug|Any CPU
		{2735038C-B391-40FE-97FE-C408A332E163}.Release|Any CPU.ActiveCfg = Release|Any CPU
		{2735038C-B391-40FE-97FE-C408A332E163}.Release|Any CPU.Build.0 = Release|Any CPU
		{71269CC4-222E-4297-AAFF-37B128041EC5}.Debug|Any CPU.ActiveCfg = Debug|Any CPU
		{71269CC4-222E-4297-AAFF-37B128041EC5}.Debug|Any CPU.Build.0 = Debug|Any CPU
		{71269CC4-222E-4297-AAFF-37B128041EC5}.Release|Any CPU.ActiveCfg = Release|Any CPU
		{71269CC4-222E-4297-AAFF-37B128041EC5}.Release|Any CPU.Build.0 = Release|Any CPU
	EndGlobalSection
	GlobalSection(SolutionProperties) = preSolution
		HideSolutionNode = FALSE
	EndGlobalSection
	GlobalSection(ExtensibilityGlobals) = postSolution
		SolutionGuid = {D5943480-65E9-441E-B0FC-F19CB8F5E972}
	EndGlobalSection
EndGlobal
